// !$*UTF8*$!
{
	archiveVersion = 1;
	classes = {
	};
	objectVersion = 50;
	objects = {

/* Begin PBXBuildFile section */
		45558CE9247C03D200063E0E /* StartGuest.swift in Sources */ = {isa = PBXBuildFile; fileRef = 45558CE8247C03D200063E0E /* StartGuest.swift */; };
		4580996E24752B1300C7A9A4 /* Slide.swift in Sources */ = {isa = PBXBuildFile; fileRef = 4580996D24752B1300C7A9A4 /* Slide.swift */; };
		4580997024752B2B00C7A9A4 /* Slide.xib in Resources */ = {isa = PBXBuildFile; fileRef = 4580996F24752B2B00C7A9A4 /* Slide.xib */; };
		45CEF163247518F40093DAF1 /* RoundButton.swift in Sources */ = {isa = PBXBuildFile; fileRef = 45CEF162247518F40093DAF1 /* RoundButton.swift */; };
		7FDD4CCD2472791D00D70793 /* AppDelegate.swift in Sources */ = {isa = PBXBuildFile; fileRef = 7FDD4CCC2472791D00D70793 /* AppDelegate.swift */; };
		7FDD4CCF2472791D00D70793 /* SceneDelegate.swift in Sources */ = {isa = PBXBuildFile; fileRef = 7FDD4CCE2472791D00D70793 /* SceneDelegate.swift */; };
		7FDD4CD12472791D00D70793 /* Onboard.swift in Sources */ = {isa = PBXBuildFile; fileRef = 7FDD4CD02472791D00D70793 /* Onboard.swift */; };
		7FDD4CD42472791D00D70793 /* Main.storyboard in Resources */ = {isa = PBXBuildFile; fileRef = 7FDD4CD22472791D00D70793 /* Main.storyboard */; };
		7FDD4CD72472791D00D70793 /* quizy.xcdatamodeld in Sources */ = {isa = PBXBuildFile; fileRef = 7FDD4CD52472791D00D70793 /* quizy.xcdatamodeld */; };
		7FDD4CD92472791E00D70793 /* Assets.xcassets in Resources */ = {isa = PBXBuildFile; fileRef = 7FDD4CD82472791E00D70793 /* Assets.xcassets */; };
		7FDD4CDC2472791E00D70793 /* LaunchScreen.storyboard in Resources */ = {isa = PBXBuildFile; fileRef = 7FDD4CDA2472791E00D70793 /* LaunchScreen.storyboard */; };
/* End PBXBuildFile section */

/* Begin PBXFileReference section */
		45558CE8247C03D200063E0E /* StartGuest.swift */ = {isa = PBXFileReference; lastKnownFileType = sourcecode.swift; path = StartGuest.swift; sourceTree = "<group>"; };
		4580996D24752B1300C7A9A4 /* Slide.swift */ = {isa = PBXFileReference; lastKnownFileType = sourcecode.swift; path = Slide.swift; sourceTree = "<group>"; };
		4580996F24752B2B00C7A9A4 /* Slide.xib */ = {isa = PBXFileReference; lastKnownFileType = file.xib; path = Slide.xib; sourceTree = "<group>"; };
		45CEF162247518F40093DAF1 /* RoundButton.swift */ = {isa = PBXFileReference; lastKnownFileType = sourcecode.swift; path = RoundButton.swift; sourceTree = "<group>"; };
		7FDD4CC92472791D00D70793 /* quizy.app */ = {isa = PBXFileReference; explicitFileType = wrapper.application; includeInIndex = 0; path = quizy.app; sourceTree = BUILT_PRODUCTS_DIR; };
		7FDD4CCC2472791D00D70793 /* AppDelegate.swift */ = {isa = PBXFileReference; lastKnownFileType = sourcecode.swift; path = AppDelegate.swift; sourceTree = "<group>"; };
		7FDD4CCE2472791D00D70793 /* SceneDelegate.swift */ = {isa = PBXFileReference; lastKnownFileType = sourcecode.swift; path = SceneDelegate.swift; sourceTree = "<group>"; };
		7FDD4CD02472791D00D70793 /* Onboard.swift */ = {isa = PBXFileReference; lastKnownFileType = sourcecode.swift; path = Onboard.swift; sourceTree = "<group>"; };
		7FDD4CD32472791D00D70793 /* Base */ = {isa = PBXFileReference; lastKnownFileType = file.storyboard; name = Base; path = Base.lproj/Main.storyboard; sourceTree = "<group>"; };
		7FDD4CD62472791D00D70793 /* quizy.xcdatamodel */ = {isa = PBXFileReference; lastKnownFileType = wrapper.xcdatamodel; path = quizy.xcdatamodel; sourceTree = "<group>"; };
		7FDD4CD82472791E00D70793 /* Assets.xcassets */ = {isa = PBXFileReference; lastKnownFileType = folder.assetcatalog; path = Assets.xcassets; sourceTree = "<group>"; };
		7FDD4CDB2472791E00D70793 /* Base */ = {isa = PBXFileReference; lastKnownFileType = file.storyboard; name = Base; path = Base.lproj/LaunchScreen.storyboard; sourceTree = "<group>"; };
		7FDD4CDD2472791E00D70793 /* Info.plist */ = {isa = PBXFileReference; lastKnownFileType = text.plist.xml; path = Info.plist; sourceTree = "<group>"; };
/* End PBXFileReference section */

/* Begin PBXFrameworksBuildPhase section */
		7FDD4CC62472791D00D70793 /* Frameworks */ = {
			isa = PBXFrameworksBuildPhase;
			buildActionMask = 2147483647;
			files = (
			);
			runOnlyForDeploymentPostprocessing = 0;
		};
/* End PBXFrameworksBuildPhase section */

/* Begin PBXGroup section */
		7FDD4CC02472791D00D70793 = {
			isa = PBXGroup;
			children = (
				7FDD4CCB2472791D00D70793 /* quizy */,
				7FDD4CCA2472791D00D70793 /* Products */,
			);
			sourceTree = "<group>";
		};
		7FDD4CCA2472791D00D70793 /* Products */ = {
			isa = PBXGroup;
			children = (
				7FDD4CC92472791D00D70793 /* quizy.app */,
			);
			name = Products;
			sourceTree = "<group>";
		};
		7FDD4CCB2472791D00D70793 /* quizy */ = {
			isa = PBXGroup;
			children = (
				7FDD4CCC2472791D00D70793 /* AppDelegate.swift */,
				7FDD4CCE2472791D00D70793 /* SceneDelegate.swift */,
				7FDD4CD02472791D00D70793 /* Onboard.swift */,
				45558CE8247C03D200063E0E /* StartGuest.swift */,
				7FDD4CD22472791D00D70793 /* Main.storyboard */,
				4580996D24752B1300C7A9A4 /* Slide.swift */,
				4580996F24752B2B00C7A9A4 /* Slide.xib */,
				7FDD4CD82472791E00D70793 /* Assets.xcassets */,
				7FDD4CDA2472791E00D70793 /* LaunchScreen.storyboard */,
				7FDD4CDD2472791E00D70793 /* Info.plist */,
				7FDD4CD52472791D00D70793 /* quizy.xcdatamodeld */,
				45CEF162247518F40093DAF1 /* RoundButton.swift */,
			);
			path = quizy;
			sourceTree = "<group>";
		};
/* End PBXGroup section */

/* Begin PBXNativeTarget section */
		7FDD4CC82472791D00D70793 /* quizy */ = {
			isa = PBXNativeTarget;
			buildConfigurationList = 7FDD4CE02472791E00D70793 /* Build configuration list for PBXNativeTarget "quizy" */;
			buildPhases = (
				7FDD4CC52472791D00D70793 /* Sources */,
				7FDD4CC62472791D00D70793 /* Frameworks */,
				7FDD4CC72472791D00D70793 /* Resources */,
			);
			buildRules = (
			);
			dependencies = (
			);
			name = quizy;
			productName = quizy;
			productReference = 7FDD4CC92472791D00D70793 /* quizy.app */;
			productType = "com.apple.product-type.application";
		};
/* End PBXNativeTarget section */

/* Begin PBXProject section */
		7FDD4CC12472791D00D70793 /* Project object */ = {
			isa = PBXProject;
			attributes = {
				LastSwiftUpdateCheck = 1130;
				LastUpgradeCheck = 1130;
				ORGANIZATIONNAME = group8mc2;
				TargetAttributes = {
					7FDD4CC82472791D00D70793 = {
						CreatedOnToolsVersion = 11.3.1;
					};
				};
			};
			buildConfigurationList = 7FDD4CC42472791D00D70793 /* Build configuration list for PBXProject "quizy" */;
			compatibilityVersion = "Xcode 9.3";
			developmentRegion = en;
			hasScannedForEncodings = 0;
			knownRegions = (
				en,
				Base,
			);
			mainGroup = 7FDD4CC02472791D00D70793;
			productRefGroup = 7FDD4CCA2472791D00D70793 /* Products */;
			projectDirPath = "";
			projectRoot = "";
			targets = (
				7FDD4CC82472791D00D70793 /* quizy */,
			);
		};
/* End PBXProject section */

/* Begin PBXResourcesBuildPhase section */
		7FDD4CC72472791D00D70793 /* Resources */ = {
			isa = PBXResourcesBuildPhase;
			buildActionMask = 2147483647;
			files = (
				7FDD4CDC2472791E00D70793 /* LaunchScreen.storyboard in Resources */,
				7FDD4CD92472791E00D70793 /* Assets.xcassets in Resources */,
				7FDD4CD42472791D00D70793 /* Main.storyboard in Resources */,
				4580997024752B2B00C7A9A4 /* Slide.xib in Resources */,
			);
			runOnlyForDeploymentPostprocessing = 0;
		};
/* End PBXResourcesBuildPhase section */

/* Begin PBXSourcesBuildPhase section */
		7FDD4CC52472791D00D70793 /* Sources */ = {
			isa = PBXSourcesBuildPhase;
			buildActionMask = 2147483647;
			files = (
				7FDD4CD72472791D00D70793 /* quizy.xcdatamodeld in Sources */,
				45CEF163247518F40093DAF1 /* RoundButton.swift in Sources */,
				45558CE9247C03D200063E0E /* StartGuest.swift in Sources */,
				7FDD4CD12472791D00D70793 /* Onboard.swift in Sources */,
				4580996E24752B1300C7A9A4 /* Slide.swift in Sources */,
				7FDD4CCD2472791D00D70793 /* AppDelegate.swift in Sources */,
				7FDD4CCF2472791D00D70793 /* SceneDelegate.swift in Sources */,
			);
			runOnlyForDeploymentPostprocessing = 0;
		};
/* End PBXSourcesBuildPhase section */

/* Begin PBXVariantGroup section */
		7FDD4CD22472791D00D70793 /* Main.storyboard */ = {
			isa = PBXVariantGroup;
			children = (
				7FDD4CD32472791D00D70793 /* Base */,
			);
			name = Main.storyboard;
			sourceTree = "<group>";
		};
		7FDD4CDA2472791E00D70793 /* LaunchScreen.storyboard */ = {
			isa = PBXVariantGroup;
			children = (
				7FDD4CDB2472791E00D70793 /* Base */,
			);
			name = LaunchScreen.storyboard;
			sourceTree = "<group>";
		};
/* End PBXVariantGroup section */

/* Begin XCBuildConfiguration section */
		7FDD4CDE2472791E00D70793 /* Debug */ = {
			isa = XCBuildConfiguration;
			buildSettings = {
				ALWAYS_SEARCH_USER_PATHS = NO;
				CLANG_ANALYZER_NONNULL = YES;
				CLANG_ANALYZER_NUMBER_OBJECT_CONVERSION = YES_AGGRESSIVE;
				CLANG_CXX_LANGUAGE_STANDARD = "gnu++14";
				CLANG_CXX_LIBRARY = "libc++";
				CLANG_ENABLE_MODULES = YES;
				CLANG_ENABLE_OBJC_ARC = YES;
				CLANG_ENABLE_OBJC_WEAK = YES;
				CLANG_WARN_BLOCK_CAPTURE_AUTORELEASING = YES;
				CLANG_WARN_BOOL_CONVERSION = YES;
				CLANG_WARN_COMMA = YES;
				CLANG_WARN_CONSTANT_CONVERSION = YES;
				CLANG_WARN_DEPRECATED_OBJC_IMPLEMENTATIONS = YES;
				CLANG_WARN_DIRECT_OBJC_ISA_USAGE = YES_ERROR;
				CLANG_WARN_DOCUMENTATION_COMMENTS = YES;
				CLANG_WARN_EMPTY_BODY = YES;
				CLANG_WARN_ENUM_CONVERSION = YES;
				CLANG_WARN_INFINITE_RECURSION = YES;
				CLANG_WARN_INT_CONVERSION = YES;
				CLANG_WARN_NON_LITERAL_NULL_CONVERSION = YES;
				CLANG_WARN_OBJC_IMPLICIT_RETAIN_SELF = YES;
				CLANG_WARN_OBJC_LITERAL_CONVERSION = YES;
				CLANG_WARN_OBJC_ROOT_CLASS = YES_ERROR;
				CLANG_WARN_RANGE_LOOP_ANALYSIS = YES;
				CLANG_WARN_STRICT_PROTOTYPES = YES;
				CLANG_WARN_SUSPICIOUS_MOVE = YES;
				CLANG_WARN_UNGUARDED_AVAILABILITY = YES_AGGRESSIVE;
				CLANG_WARN_UNREACHABLE_CODE = YES;
				CLANG_WARN__DUPLICATE_METHOD_MATCH = YES;
				COPY_PHASE_STRIP = NO;
				DEBUG_INFORMATION_FORMAT = dwarf;
				ENABLE_STRICT_OBJC_MSGSEND = YES;
				ENABLE_TESTABILITY = YES;
				GCC_C_LANGUAGE_STANDARD = gnu11;
				GCC_DYNAMIC_NO_PIC = NO;
				GCC_NO_COMMON_BLOCKS = YES;
				GCC_OPTIMIZATION_LEVEL = 0;
				GCC_PREPROCESSOR_DEFINITIONS = (
					"DEBUG=1",
					"$(inherited)",
				);
				GCC_WARN_64_TO_32_BIT_CONVERSION = YES;
				GCC_WARN_ABOUT_RETURN_TYPE = YES_ERROR;
				GCC_WARN_UNDECLARED_SELECTOR = YES;
				GCC_WARN_UNINITIALIZED_AUTOS = YES_AGGRESSIVE;
				GCC_WARN_UNUSED_FUNCTION = YES;
				GCC_WARN_UNUSED_VARIABLE = YES;
				IPHONEOS_DEPLOYMENT_TARGET = 13.2;
				MTL_ENABLE_DEBUG_INFO = INCLUDE_SOURCE;
				MTL_FAST_MATH = YES;
				ONLY_ACTIVE_ARCH = YES;
				SDKROOT = iphoneos;
				SWIFT_ACTIVE_COMPILATION_CONDITIONS = DEBUG;
				SWIFT_OPTIMIZATION_LEVEL = "-Onone";
			};
			name = Debug;
		};
		7FDD4CDF2472791E00D70793 /* Release */ = {
			isa = XCBuildConfiguration;
			buildSettings = {
				ALWAYS_SEARCH_USER_PATHS = NO;
				CLANG_ANALYZER_NONNULL = YES;
				CLANG_ANALYZER_NUMBER_OBJECT_CONVERSION = YES_AGGRESSIVE;
				CLANG_CXX_LANGUAGE_STANDARD = "gnu++14";
				CLANG_CXX_LIBRARY = "libc++";
				CLANG_ENABLE_MODULES = YES;
				CLANG_ENABLE_OBJC_ARC = YES;
				CLANG_ENABLE_OBJC_WEAK = YES;
				CLANG_WARN_BLOCK_CAPTURE_AUTORELEASING = YES;
				CLANG_WARN_BOOL_CONVERSION = YES;
				CLANG_WARN_COMMA = YES;
				CLANG_WARN_CONSTANT_CONVERSION = YES;
				CLANG_WARN_DEPRECATED_OBJC_IMPLEMENTATIONS = YES;
				CLANG_WARN_DIRECT_OBJC_ISA_USAGE = YES_ERROR;
				CLANG_WARN_DOCUMENTATION_COMMENTS = YES;
				CLANG_WARN_EMPTY_BODY = YES;
				CLANG_WARN_ENUM_CONVERSION = YES;
				CLANG_WARN_INFINITE_RECURSION = YES;
				CLANG_WARN_INT_CONVERSION = YES;
				CLANG_WARN_NON_LITERAL_NULL_CONVERSION = YES;
				CLANG_WARN_OBJC_IMPLICIT_RETAIN_SELF = YES;
				CLANG_WARN_OBJC_LITERAL_CONVERSION = YES;
				CLANG_WARN_OBJC_ROOT_CLASS = YES_ERROR;
				CLANG_WARN_RANGE_LOOP_ANALYSIS = YES;
				CLANG_WARN_STRICT_PROTOTYPES = YES;
				CLANG_WARN_SUSPICIOUS_MOVE = YES;
				CLANG_WARN_UNGUARDED_AVAILABILITY = YES_AGGRESSIVE;
				CLANG_WARN_UNREACHABLE_CODE = YES;
				CLANG_WARN__DUPLICATE_METHOD_MATCH = YES;
				COPY_PHASE_STRIP = NO;
				DEBUG_INFORMATION_FORMAT = "dwarf-with-dsym";
				ENABLE_NS_ASSERTIONS = NO;
				ENABLE_STRICT_OBJC_MSGSEND = YES;
				GCC_C_LANGUAGE_STANDARD = gnu11;
				GCC_NO_COMMON_BLOCKS = YES;
				GCC_WARN_64_TO_32_BIT_CONVERSION = YES;
				GCC_WARN_ABOUT_RETURN_TYPE = YES_ERROR;
				GCC_WARN_UNDECLARED_SELECTOR = YES;
				GCC_WARN_UNINITIALIZED_AUTOS = YES_AGGRESSIVE;
				GCC_WARN_UNUSED_FUNCTION = YES;
				GCC_WARN_UNUSED_VARIABLE = YES;
				IPHONEOS_DEPLOYMENT_TARGET = 13.2;
				MTL_ENABLE_DEBUG_INFO = NO;
				MTL_FAST_MATH = YES;
				SDKROOT = iphoneos;
				SWIFT_COMPILATION_MODE = wholemodule;
				SWIFT_OPTIMIZATION_LEVEL = "-O";
				VALIDATE_PRODUCT = YES;
			};
			name = Release;
		};
		7FDD4CE12472791E00D70793 /* Debug */ = {
			isa = XCBuildConfiguration;
			buildSettings = {
				ASSETCATALOG_COMPILER_APPICON_NAME = AppIcon;
				CODE_SIGN_STYLE = Automatic;
				DEVELOPMENT_TEAM = Z5A6SFMQ64;
				INFOPLIST_FILE = quizy/Info.plist;
				LD_RUNPATH_SEARCH_PATHS = (
					"$(inherited)",
					"@executable_path/Frameworks",
				);
				PRODUCT_BUNDLE_IDENTIFIER = com.mc2.quizy;
				PRODUCT_NAME = "$(TARGET_NAME)";
				SWIFT_VERSION = 5.0;
				TARGETED_DEVICE_FAMILY = "1,2";
			};
			name = Debug;
		};
		7FDD4CE22472791E00D70793 /* Release */ = {
			isa = XCBuildConfiguration;
			buildSettings = {
				ASSETCATALOG_COMPILER_APPICON_NAME = AppIcon;
				CODE_SIGN_STYLE = Automatic;
				DEVELOPMENT_TEAM = Z5A6SFMQ64;
				INFOPLIST_FILE = quizy/Info.plist;
				LD_RUNPATH_SEARCH_PATHS = (
					"$(inherited)",
					"@executable_path/Frameworks",
				);
				PRODUCT_BUNDLE_IDENTIFIER = com.mc2.quizy;
				PRODUCT_NAME = "$(TARGET_NAME)";
				SWIFT_VERSION = 5.0;
				TARGETED_DEVICE_FAMILY = "1,2";
			};
			name = Release;
		};
/* End XCBuildConfiguration section */

/* Begin XCConfigurationList section */
		7FDD4CC42472791D00D70793 /* Build configuration list for PBXProject "quizy" */ = {
			isa = XCConfigurationList;
			buildConfigurations = (
				7FDD4CDE2472791E00D70793 /* Debug */,
				7FDD4CDF2472791E00D70793 /* Release */,
			);
			defaultConfigurationIsVisible = 0;
			defaultConfigurationName = Release;
		};
		7FDD4CE02472791E00D70793 /* Build configuration list for PBXNativeTarget "quizy" */ = {
			isa = XCConfigurationList;
			buildConfigurations = (
				7FDD4CE12472791E00D70793 /* Debug */,
				7FDD4CE22472791E00D70793 /* Release */,
			);
			defaultConfigurationIsVisible = 0;
			defaultConfigurationName = Release;
		};
/* End XCConfigurationList section */

/* Begin XCVersionGroup section */
		7FDD4CD52472791D00D70793 /* quizy.xcdatamodeld */ = {
			isa = XCVersionGroup;
			children = (
				7FDD4CD62472791D00D70793 /* quizy.xcdatamodel */,
			);
			currentVersion = 7FDD4CD62472791D00D70793 /* quizy.xcdatamodel */;
			path = quizy.xcdatamodeld;
			sourceTree = "<group>";
			versionGroupType = wrapper.xcdatamodel;
		};
/* End XCVersionGroup section */
	};
	rootObject = 7FDD4CC12472791D00D70793 /* Project object */;
}
